
Microsoft Visual Studio Solution File, Format Version 12.00
# Visual Studio Version 17
VisualStudioVersion = 17.0.31903.59
MinimumVisualStudioVersion = 10.0.40219.1
Project("{2150E333-8FDC-42A3-9474-1A3956D46DE8}") = "src", "src", "{4D4B336B-08E4-47AD-878C-43289DFB30B5}"
EndProject
Project("{FAE04EC0-301F-11D3-BF4B-00C04F79EFBC}") = "AiPhotoViewer.Infrastructure", "src\Infrastructure\AiPhotoViewer.Infrastructure.csproj", "{9735D508-076B-45EF-B8B1-6F619E1A44A9}"
EndProject
Project("{2150E333-8FDC-42A3-9474-1A3956D46DE8}") = "tests", "tests", "{B1ABBBC4-1906-4F68-B7CD-3E6A85307432}"
EndProject
Project("{FAE04EC0-301F-11D3-BF4B-00C04F79EFBC}") = "AiPhotoViewer.Tests", "tests\AiPhotoViewer.Tests\AiPhotoViewer.Tests.csproj", "{33BB9110-D177-4A0C-A010-E7360C9B1485}"
EndProject
Project("{FAE04EC0-301F-11D3-BF4B-00C04F79EFBC}") = "AiPhotoViewer.Database", "src\Database\AiPhotoViewer.Database.csproj", "{2B69134F-D6C0-4CE7-A656-9EE830FF8583}"
EndProject
Project("{FAE04EC0-301F-11D3-BF4B-00C04F79EFBC}") = "AiPhotoViewer.AI", "src\AI\AiPhotoViewer.AI.csproj", "{6667F208-E6E1-4EBB-ACE5-449F37DF3769}"
EndProject
Project("{FAE04EC0-301F-11D3-BF4B-00C04F79EFBC}") = "AiPhotoViewer.Jobs", "src\Jobs\AiPhotoViewer.Jobs.csproj", "{2FC288A7-D776-40A2-9CAB-32A9FBA93ED5}"
EndProject
Project("{FAE04EC0-301F-11D3-BF4B-00C04F79EFBC}") = "AiPhotoViewer.UI", "src\UI\AiPhotoViewer.UI.csproj", "{E153E382-E5B7-4E9F-942A-0A51DCBD4ACA}"
EndProject
Project("{FAE04EC0-301F-11D3-BF4B-00C04F79EFBC}") = "AiPhotoViewer.Imaging", "src\Imaging\AiPhotoViewer.Imaging.csproj", "{11D71E14-CEAB-44FC-9097-854D21C04863}"
EndProject
Project("{FAE04EC0-301F-11D3-BF4B-00C04F79EFBC}") = "AiPhotoViewer.Search", "src\Search\AiPhotoViewer.Search.csproj", "{64847055-DB20-49B1-97D6-7E9BEEBA68DA}"
EndProject
Project("{FAE04EC0-301F-11D3-BF4B-00C04F79EFBC}") = "AiPhotoViewer.Core", "src\Core\AiPhotoViewer.Core.csproj", "{1329D734-B4A0-4335-B7BF-4BA53628C477}"
EndProject
Project("{FAE04EC0-301F-11D3-BF4B-00C04F79EFBC}") = "AiPhotoViewer.App", "src\App\AiPhotoViewer.App.csproj", "{AA97057A-AF9B-4165-ADBA-47F0FB58FE50}"
EndProject
Global
	GlobalSection(SolutionConfigurationPlatforms) = preSolution
		Debug|Any CPU = Debug|Any CPU
		Release|Any CPU = Release|Any CPU
	EndGlobalSection
	GlobalSection(SolutionProperties) = preSolution
		HideSolutionNode = FALSE
	EndGlobalSection
	GlobalSection(ProjectConfigurationPlatforms) = postSolution
		{9735D508-076B-45EF-B8B1-6F619E1A44A9}.Debug|Any CPU.ActiveCfg = Debug|Any CPU
		{9735D508-076B-45EF-B8B1-6F619E1A44A9}.Debug|Any CPU.Build.0 = Debug|Any CPU
		{9735D508-076B-45EF-B8B1-6F619E1A44A9}.Release|Any CPU.ActiveCfg = Release|Any CPU
		{9735D508-076B-45EF-B8B1-6F619E1A44A9}.Release|Any CPU.Build.0 = Release|Any CPU
		{33BB9110-D177-4A0C-A010-E7360C9B1485}.Debug|Any CPU.ActiveCfg = Debug|Any CPU
		{33BB9110-D177-4A0C-A010-E7360C9B1485}.Debug|Any CPU.Build.0 = Debug|Any CPU
		{33BB9110-D177-4A0C-A010-E7360C9B1485}.Release|Any CPU.ActiveCfg = Release|Any CPU
		{33BB9110-D177-4A0C-A010-E7360C9B1485}.Release|Any CPU.Build.0 = Release|Any CPU
		{2B69134F-D6C0-4CE7-A656-9EE830FF8583}.Debug|Any CPU.ActiveCfg = Debug|Any CPU
		{2B69134F-D6C0-4CE7-A656-9EE830FF8583}.Debug|Any CPU.Build.0 = Debug|Any CPU
		{2B69134F-D6C0-4CE7-A656-9EE830FF8583}.Release|Any CPU.ActiveCfg = Release|Any CPU
		{2B69134F-D6C0-4CE7-A656-9EE830FF8583}.Release|Any CPU.Build.0 = Release|Any CPU
		{6667F208-E6E1-4EBB-ACE5-449F37DF3769}.Debug|Any CPU.ActiveCfg = Debug|Any CPU
		{6667F208-E6E1-4EBB-ACE5-449F37DF3769}.Debug|Any CPU.Build.0 = Debug|Any CPU
		{6667F208-E6E1-4EBB-ACE5-449F37DF3769}.Release|Any CPU.ActiveCfg = Release|Any CPU
		{6667F208-E6E1-4EBB-ACE5-449F37DF3769}.Release|Any CPU.Build.0 = Release|Any CPU
		{2FC288A7-D776-40A2-9CAB-32A9FBA93ED5}.Debug|Any CPU.ActiveCfg = Debug|Any CPU
		{2FC288A7-D776-40A2-9CAB-32A9FBA93ED5}.Debug|Any CPU.Build.0 = Debug|Any CPU
		{2FC288A7-D776-40A2-9CAB-32A9FBA93ED5}.Release|Any CPU.ActiveCfg = Release|Any CPU
		{2FC288A7-D776-40A2-9CAB-32A9FBA93ED5}.Release|Any CPU.Build.0 = Release|Any CPU
		{E153E382-E5B7-4E9F-942A-0A51DCBD4ACA}.Debug|Any CPU.ActiveCfg = Debug|Any CPU
		{E153E382-E5B7-4E9F-942A-0A51DCBD4ACA}.Debug|Any CPU.Build.0 = Debug|Any CPU
		{E153E382-E5B7-4E9F-942A-0A51DCBD4ACA}.Release|Any CPU.ActiveCfg = Release|Any CPU
		{E153E382-E5B7-4E9F-942A-0A51DCBD4ACA}.Release|Any CPU.Build.0 = Release|Any CPU
		{11D71E14-CEAB-44FC-9097-854D21C04863}.Debug|Any CPU.ActiveCfg = Debug|Any CPU
		{11D71E14-CEAB-44FC-9097-854D21C04863}.Debug|Any CPU.Build.0 = Debug|Any CPU
		{11D71E14-CEAB-44FC-9097-854D21C04863}.Release|Any CPU.ActiveCfg = Release|Any CPU
		{11D71E14-CEAB-44FC-9097-854D21C04863}.Release|Any CPU.Build.0 = Release|Any CPU
		{64847055-DB20-49B1-97D6-7E9BEEBA68DA}.Debug|Any CPU.ActiveCfg = Debug|Any CPU
		{64847055-DB20-49B1-97D6-7E9BEEBA68DA}.Debug|Any CPU.Build.0 = Debug|Any CPU
		{64847055-DB20-49B1-97D6-7E9BEEBA68DA}.Release|Any CPU.ActiveCfg = Release|Any CPU
		{64847055-DB20-49B1-97D6-7E9BEEBA68DA}.Release|Any CPU.Build.0 = Release|Any CPU
		{1329D734-B4A0-4335-B7BF-4BA53628C477}.Debug|Any CPU.ActiveCfg = Debug|Any CPU
		{1329D734-B4A0-4335-B7BF-4BA53628C477}.Debug|Any CPU.Build.0 = Debug|Any CPU
		{1329D734-B4A0-4335-B7BF-4BA53628C477}.Release|Any CPU.ActiveCfg = Release|Any CPU
		{1329D734-B4A0-4335-B7BF-4BA53628C477}.Release|Any CPU.Build.0 = Release|Any CPU
		{AA97057A-AF9B-4165-ADBA-47F0FB58FE50}.Debug|Any CPU.ActiveCfg = Debug|Any CPU
		{AA97057A-AF9B-4165-ADBA-47F0FB58FE50}.Debug|Any CPU.Build.0 = Debug|Any CPU
		{AA97057A-AF9B-4165-ADBA-47F0FB58FE50}.Release|Any CPU.ActiveCfg = Release|Any CPU
		{AA97057A-AF9B-4165-ADBA-47F0FB58FE50}.Release|Any CPU.Build.0 = Release|Any CPU
	EndGlobalSection
	GlobalSection(NestedProjects) = preSolution
		{9735D508-076B-45EF-B8B1-6F619E1A44A9} = {4D4B336B-08E4-47AD-878C-43289DFB30B5}
		{33BB9110-D177-4A0C-A010-E7360C9B1485} = {B1ABBBC4-1906-4F68-B7CD-3E6A85307432}
		{2B69134F-D6C0-4CE7-A656-9EE830FF8583} = {4D4B336B-08E4-47AD-878C-43289DFB30B5}
		{6667F208-E6E1-4EBB-ACE5-449F37DF3769} = {4D4B336B-08E4-47AD-878C-43289DFB30B5}
		{2FC288A7-D776-40A2-9CAB-32A9FBA93ED5} = {4D4B336B-08E4-47AD-878C-43289DFB30B5}
		{E153E382-E5B7-4E9F-942A-0A51DCBD4ACA} = {4D4B336B-08E4-47AD-878C-43289DFB30B5}
		{11D71E14-CEAB-44FC-9097-854D21C04863} = {4D4B336B-08E4-47AD-878C-43289DFB30B5}
		{64847055-DB20-49B1-97D6-7E9BEEBA68DA} = {4D4B336B-08E4-47AD-878C-43289DFB30B5}
		{1329D734-B4A0-4335-B7BF-4BA53628C477} = {4D4B336B-08E4-47AD-878C-43289DFB30B5}
		{AA97057A-AF9B-4165-ADBA-47F0FB58FE50} = {4D4B336B-08E4-47AD-878C-43289DFB30B5}
	EndGlobalSection
EndGlobal
